
Microsoft Visual Studio Solution File, Format Version 12.00
# Visual Studio Version 16
VisualStudioVersion = 16.0.31410.357
MinimumVisualStudioVersion = 10.0.40219.1
Project("{FAE04EC0-301F-11D3-BF4B-00C04F79EFBC}") = "AngularProj", "AngularProj\AngularProj.csproj", "{82848491-CAEA-45DA-A5BD-E8862D282D69}"
EndProject
Global
	GlobalSection(SolutionConfigurationPlatforms) = preSolution
		Debug|Any CPU = Debug|Any CPU
		Release|Any CPU = Release|Any CPU
	EndGlobalSection
	GlobalSection(ProjectConfigurationPlatforms) = postSolution
		{82848491-CAEA-45DA-A5BD-E8862D282D69}.Debug|Any CPU.ActiveCfg = Debug|Any CPU
		{82848491-CAEA-45DA-A5BD-E8862D282D69}.Debug|Any CPU.Build.0 = Debug|Any CPU
		{82848491-CAEA-45DA-A5BD-E8862D282D69}.Release|Any CPU.ActiveCfg = Release|Any CPU
		{82848491-CAEA-45DA-A5BD-E8862D282D69}.Release|Any CPU.Build.0 = Release|Any CPU
	EndGlobalSection
	GlobalSection(SolutionProperties) = preSolution
		HideSolutionNode = FALSE
	EndGlobalSection
	GlobalSection(ExtensibilityGlobals) = postSolution
		SolutionGuid = {7027B0A0-39BE-4D83-BE72-A4B79E60EF81}
	EndGlobalSection
EndGlobal
